
Microsoft Visual Studio Solution File, Format Version 12.00
# Visual Studio Version 17
VisualStudioVersion = 17.8.34511.84
MinimumVisualStudioVersion = 10.0.40219.1
Project("{FAE04EC0-301F-11D3-BF4B-00C04F79EFBC}") = "LR7_ASP_Zhyhlova", "LR7_ASP_Zhyhlova\LR7_ASP_Zhyhlova.csproj", "{0FF31E97-9149-4644-9C6E-F1457782155D}"
EndProject
Global
	GlobalSection(SolutionConfigurationPlatforms) = preSolution
		Debug|Any CPU = Debug|Any CPU
		Release|Any CPU = Release|Any CPU
	EndGlobalSection
	GlobalSection(ProjectConfigurationPlatforms) = postSolution
		{0FF31E97-9149-4644-9C6E-F1457782155D}.Debug|Any CPU.ActiveCfg = Debug|Any CPU
		{0FF31E97-9149-4644-9C6E-F1457782155D}.Debug|Any CPU.Build.0 = Debug|Any CPU
		{0FF31E97-9149-4644-9C6E-F1457782155D}.Release|Any CPU.ActiveCfg = Release|Any CPU
		{0FF31E97-9149-4644-9C6E-F1457782155D}.Release|Any CPU.Build.0 = Release|Any CPU
	EndGlobalSection
	GlobalSection(SolutionProperties) = preSolution
		HideSolutionNode = FALSE
	EndGlobalSection
	GlobalSection(ExtensibilityGlobals) = postSolution
		SolutionGuid = {5FD57326-52AA-4BDC-B771-02DE9602C9F8}
	EndGlobalSection
EndGlobal
